
Microsoft Visual Studio Solution File, Format Version 12.00
# Visual Studio Version 17
VisualStudioVersion = 17.8.34408.163
MinimumVisualStudioVersion = 10.0.40219.1
Project("{8BC9CEB8-8B4A-11D0-8D11-00A0C91BC942}") = "chapter4", "chapter4.vcxproj", "{EC6D902F-5815-409E-B73E-07D22B8EEF05}"
EndProject
Global
	GlobalSection(SolutionConfigurationPlatforms) = preSolution
		Debug|x64 = Debug|x64
		Debug|x86 = Debug|x86
		Release|x64 = Release|x64
		Release|x86 = Release|x86
	EndGlobalSection
	GlobalSection(ProjectConfigurationPlatforms) = postSolution
		{EC6D902F-5815-409E-B73E-07D22B8EEF05}.Debug|x64.ActiveCfg = Debug|x64
		{EC6D902F-5815-409E-B73E-07D22B8EEF05}.Debug|x64.Build.0 = Debug|x64
		{EC6D902F-5815-409E-B73E-07D22B8EEF05}.Debug|x86.ActiveCfg = Debug|Win32
		{EC6D902F-5815-409E-B73E-07D22B8EEF05}.Debug|x86.Build.0 = Debug|Win32
		{EC6D902F-5815-409E-B73E-07D22B8EEF05}.Release|x64.ActiveCfg = Release|x64
		{EC6D902F-5815-409E-B73E-07D22B8EEF05}.Release|x64.Build.0 = Release|x64
		{EC6D902F-5815-409E-B73E-07D22B8EEF05}.Release|x86.ActiveCfg = Release|Win32
		{EC6D902F-5815-409E-B73E-07D22B8EEF05}.Release|x86.Build.0 = Release|Win32
	EndGlobalSection
	GlobalSection(SolutionProperties) = preSolution
		HideSolutionNode = FALSE
	EndGlobalSection
	GlobalSection(ExtensibilityGlobals) = postSolution
		SolutionGuid = {091C6237-EF7F-4FA8-A5AE-8D53DCF725B5}
	EndGlobalSection
EndGlobal
